
Microsoft Visual Studio Solution File, Format Version 12.00
# Visual Studio Version 17
VisualStudioVersion = 17.7.34024.191
MinimumVisualStudioVersion = 10.0.40219.1
Project("{FAE04EC0-301F-11D3-BF4B-00C04F79EFBC}") = "Prakt_08_11", "Prakt_08_11\Prakt_08_11.csproj", "{5A2A1021-0691-42DA-B276-3F9B1D0F49E6}"
EndProject
Global
	GlobalSection(SolutionConfigurationPlatforms) = preSolution
		Debug|Any CPU = Debug|Any CPU
		Release|Any CPU = Release|Any CPU
	EndGlobalSection
	GlobalSection(ProjectConfigurationPlatforms) = postSolution
		{5A2A1021-0691-42DA-B276-3F9B1D0F49E6}.Debug|Any CPU.ActiveCfg = Debug|Any CPU
		{5A2A1021-0691-42DA-B276-3F9B1D0F49E6}.Debug|Any CPU.Build.0 = Debug|Any CPU
		{5A2A1021-0691-42DA-B276-3F9B1D0F49E6}.Release|Any CPU.ActiveCfg = Release|Any CPU
		{5A2A1021-0691-42DA-B276-3F9B1D0F49E6}.Release|Any CPU.Build.0 = Release|Any CPU
	EndGlobalSection
	GlobalSection(SolutionProperties) = preSolution
		HideSolutionNode = FALSE
	EndGlobalSection
	GlobalSection(ExtensibilityGlobals) = postSolution
		SolutionGuid = {42FAC508-8A9F-4754-B1ED-F5F6B5F4C744}
	EndGlobalSection
EndGlobal
